
Microsoft Visual Studio Solution File, Format Version 12.00
# Visual Studio Version 16
VisualStudioVersion = 16.0.31829.152
MinimumVisualStudioVersion = 10.0.40219.1
Project("{FAE04EC0-301F-11D3-BF4B-00C04F79EFBC}") = "ChannelCenterManagementSystem", "WindowsFormsApp1\ChannelCenterManagementSystem.csproj", "{C12B5B8A-14EC-49F1-A18C-31B4F8597D02}"
EndProject
Global
	GlobalSection(SolutionConfigurationPlatforms) = preSolution
		Debug|Any CPU = Debug|Any CPU
		Release|Any CPU = Release|Any CPU
	EndGlobalSection
	GlobalSection(ProjectConfigurationPlatforms) = postSolution
		{C12B5B8A-14EC-49F1-A18C-31B4F8597D02}.Debug|Any CPU.ActiveCfg = Debug|Any CPU
		{C12B5B8A-14EC-49F1-A18C-31B4F8597D02}.Debug|Any CPU.Build.0 = Debug|Any CPU
		{C12B5B8A-14EC-49F1-A18C-31B4F8597D02}.Release|Any CPU.ActiveCfg = Release|Any CPU
		{C12B5B8A-14EC-49F1-A18C-31B4F8597D02}.Release|Any CPU.Build.0 = Release|Any CPU
	EndGlobalSection
	GlobalSection(SolutionProperties) = preSolution
		HideSolutionNode = FALSE
	EndGlobalSection
	GlobalSection(ExtensibilityGlobals) = postSolution
		SolutionGuid = {C72532FE-E4B4-4D44-A369-CE33CD3087A7}
	EndGlobalSection
EndGlobal
